
Microsoft Visual Studio Solution File, Format Version 12.00
# Visual Studio Version 16
VisualStudioVersion = 16.0.32510.428
MinimumVisualStudioVersion = 10.0.40219.1
Project("{888888A0-9F3D-457C-B088-3A5042F75D52}") = "New project", "New project.pyproj", "{8C33DC6A-F837-41C1-8BC0-4EB34EE98D17}"
EndProject
Global
	GlobalSection(SolutionConfigurationPlatforms) = preSolution
		Debug|Any CPU = Debug|Any CPU
		Release|Any CPU = Release|Any CPU
	EndGlobalSection
	GlobalSection(ProjectConfigurationPlatforms) = postSolution
		{8C33DC6A-F837-41C1-8BC0-4EB34EE98D17}.Debug|Any CPU.ActiveCfg = Debug|Any CPU
		{8C33DC6A-F837-41C1-8BC0-4EB34EE98D17}.Release|Any CPU.ActiveCfg = Release|Any CPU
	EndGlobalSection
	GlobalSection(SolutionProperties) = preSolution
		HideSolutionNode = FALSE
	EndGlobalSection
	GlobalSection(ExtensibilityGlobals) = postSolution
		SolutionGuid = {6CA03735-8D07-489F-A2A3-27F5256C0188}
	EndGlobalSection
EndGlobal
